{
  "nodes": {
    "mdbook-nixdoc": {
      "inputs": {
        "nix-github-actions": [
          "zephyr-nix",
          "pyproject-nix",
          "nix-github-actions"
        ],
        "nixpkgs": [
          "zephyr-nix",
          "pyproject-nix",
          "nixpkgs"
        ]
      },
      "locked": {
        "lastModified": 1708395692,
        "narHash": "sha256-smf0VmxGbjJDZqKvxxG3ZVqubgbVwAWG26wPo+BT/A0=",
        "owner": "adisbladis",
        "repo": "mdbook-nixdoc",
        "rev": "d6a71b114b9221c0b4f20d31b81766d072cc26be",
        "type": "github"
      },
      "original": {
        "owner": "adisbladis",
        "repo": "mdbook-nixdoc",
        "type": "github"
      }
    },
    "mdbook-nixdoc_2": {
      "inputs": {
        "nix-github-actions": [
          "zephyr-nix-darwin",
          "pyproject-nix",
          "nix-github-actions"
        ],
        "nixpkgs": [
          "zephyr-nix-darwin",
          "pyproject-nix",
          "nixpkgs"
        ]
      },
      "locked": {
        "lastModified": 1708395692,
        "narHash": "sha256-smf0VmxGbjJDZqKvxxG3ZVqubgbVwAWG26wPo+BT/A0=",
        "owner": "adisbladis",
        "repo": "mdbook-nixdoc",
        "rev": "d6a71b114b9221c0b4f20d31b81766d072cc26be",
        "type": "github"
      },
      "original": {
        "owner": "adisbladis",
        "repo": "mdbook-nixdoc",
        "type": "github"
      }
    },
    "nix-github-actions": {
      "inputs": {
        "nixpkgs": [
          "zephyr-nix",
          "pyproject-nix",
          "nixpkgs"
        ]
      },
      "locked": {
        "lastModified": 1720066371,
        "narHash": "sha256-uPlLYH2S0ACj0IcgaK9Lsf4spmJoGejR9DotXiXSBZQ=",
        "owner": "nix-community",
        "repo": "nix-github-actions",
        "rev": "622f829f5fe69310a866c8a6cd07e747c44ef820",
        "type": "github"
      },
      "original": {
        "owner": "nix-community",
        "repo": "nix-github-actions",
        "type": "github"
      }
    },
    "nix-github-actions_2": {
      "inputs": {
        "nixpkgs": [
          "zephyr-nix-darwin",
          "pyproject-nix",
          "nixpkgs"
        ]
      },
      "locked": {
        "lastModified": 1720066371,
        "narHash": "sha256-uPlLYH2S0ACj0IcgaK9Lsf4spmJoGejR9DotXiXSBZQ=",
        "owner": "nix-community",
        "repo": "nix-github-actions",
        "rev": "622f829f5fe69310a866c8a6cd07e747c44ef820",
        "type": "github"
      },
      "original": {
        "owner": "nix-community",
        "repo": "nix-github-actions",
        "type": "github"
      }
    },
    "nixpkgs": {
      "locked": {
        "lastModified": 1731386116,
        "narHash": "sha256-lKA770aUmjPHdTaJWnP3yQ9OI1TigenUqVC3wweqZuI=",
        "owner": "NixOS",
        "repo": "nixpkgs",
        "rev": "689fed12a013f56d4c4d3f612489634267d86529",
        "type": "github"
      },
      "original": {
        "owner": "NixOS",
        "ref": "nixos-24.05",
        "repo": "nixpkgs",
        "type": "github"
      }
    },
    "nixpkgs-darwin": {
      "locked": {
        "lastModified": 1730891215,
        "narHash": "sha256-i85DPrhDuvzgvIWCpJlbfM2UFtNYbapo20MtQXsvay4=",
        "owner": "NixOS",
        "repo": "nixpkgs",
        "rev": "c128e44a249d6180740d0a979b6480d5b795c013",
        "type": "github"
      },
      "original": {
        "owner": "NixOS",
        "ref": "nixpkgs-24.05-darwin",
        "repo": "nixpkgs",
        "type": "github"
      }
    },
    "pyproject-nix": {
      "inputs": {
        "mdbook-nixdoc": "mdbook-nixdoc",
        "nix-github-actions": "nix-github-actions",
        "nixpkgs": [
          "zephyr-nix",
          "nixpkgs"
        ],
        "treefmt-nix": "treefmt-nix"
      },
      "locked": {
        "lastModified": 1724569826,
        "narHash": "sha256-87KKENLQoxpzbONnDaUEaraJ7UNsArj+MJqiYvFePtk=",
        "owner": "nix-community",
        "repo": "pyproject.nix",
        "rev": "225a7503959812f0c60d42ca7904adb753151759",
        "type": "github"
      },
      "original": {
        "owner": "nix-community",
        "repo": "pyproject.nix",
        "type": "github"
      }
    },
    "pyproject-nix_2": {
      "inputs": {
        "mdbook-nixdoc": "mdbook-nixdoc_2",
        "nix-github-actions": "nix-github-actions_2",
        "nixpkgs": [
          "zephyr-nix-darwin",
          "nixpkgs"
        ],
        "treefmt-nix": "treefmt-nix_2"
      },
      "locked": {
        "lastModified": 1724569826,
        "narHash": "sha256-87KKENLQoxpzbONnDaUEaraJ7UNsArj+MJqiYvFePtk=",
        "owner": "nix-community",
        "repo": "pyproject.nix",
        "rev": "225a7503959812f0c60d42ca7904adb753151759",
        "type": "github"
      },
      "original": {
        "owner": "nix-community",
        "repo": "pyproject.nix",
        "type": "github"
      }
    },
    "root": {
      "inputs": {
        "nixpkgs": "nixpkgs",
        "nixpkgs-darwin": "nixpkgs-darwin",
        "zephyr": "zephyr",
        "zephyr-nix": "zephyr-nix",
        "zephyr-nix-darwin": "zephyr-nix-darwin"
      }
    },
    "treefmt-nix": {
      "inputs": {
        "nixpkgs": [
          "zephyr-nix",
          "pyproject-nix",
          "nixpkgs"
        ]
      },
      "locked": {
        "lastModified": 1724338379,
        "narHash": "sha256-kKJtaiU5Ou+e/0Qs7SICXF22DLx4V/WhG1P6+k4yeOE=",
        "owner": "numtide",
        "repo": "treefmt-nix",
        "rev": "070f834771efa715f3e74cd8ab93ecc96fabc951",
        "type": "github"
      },
      "original": {
        "owner": "numtide",
        "repo": "treefmt-nix",
        "type": "github"
      }
    },
    "treefmt-nix_2": {
      "inputs": {
        "nixpkgs": [
          "zephyr-nix-darwin",
          "pyproject-nix",
          "nixpkgs"
        ]
      },
      "locked": {
        "lastModified": 1724338379,
        "narHash": "sha256-kKJtaiU5Ou+e/0Qs7SICXF22DLx4V/WhG1P6+k4yeOE=",
        "owner": "numtide",
        "repo": "treefmt-nix",
        "rev": "070f834771efa715f3e74cd8ab93ecc96fabc951",
        "type": "github"
      },
      "original": {
        "owner": "numtide",
        "repo": "treefmt-nix",
        "type": "github"
      }
    },
    "zephyr": {
      "flake": false,
      "locked": {
        "lastModified": 1697797249,
        "narHash": "sha256-72QFsKOWkF6BiP4XgZAXXSBcN4t6yvhAeXCpgCYrhe8=",
        "owner": "zephyrproject-rtos",
        "repo": "zephyr",
        "rev": "a6eef0ba3755f2530c5ce93524e5ac4f5be30194",
        "type": "github"
      },
      "original": {
        "owner": "zephyrproject-rtos",
        "ref": "v3.5.0",
        "repo": "zephyr",
        "type": "github"
      }
    },
    "zephyr-nix": {
      "inputs": {
        "nixpkgs": [
          "nixpkgs"
        ],
        "pyproject-nix": "pyproject-nix",
        "zephyr": [
          "zephyr"
        ]
      },
      "locked": {
        "lastModified": 1729617868,
        "narHash": "sha256-cx6MSq9cT2DLVle7iMNlmc5ADCyAnoCsc8tmALABqQA=",
        "owner": "urob",
        "repo": "zephyr-nix",
        "rev": "fceaebe875bb6c5d49abd06dcf8f3f9949134e7c",
        "type": "github"
      },
      "original": {
        "owner": "urob",
        "repo": "zephyr-nix",
        "type": "github"
      }
    },
    "zephyr-nix-darwin": {
      "inputs": {
        "nixpkgs": [
          "nixpkgs-darwin"
        ],
        "pyproject-nix": "pyproject-nix_2",
        "zephyr": [
          "zephyr"
        ]
      },
      "locked": {
        "lastModified": 1729617868,
        "narHash": "sha256-cx6MSq9cT2DLVle7iMNlmc5ADCyAnoCsc8tmALABqQA=",
        "owner": "urob",
        "repo": "zephyr-nix",
        "rev": "fceaebe875bb6c5d49abd06dcf8f3f9949134e7c",
        "type": "github"
      },
      "original": {
        "owner": "urob",
        "repo": "zephyr-nix",
        "type": "github"
      }
    }
  },
  "root": "root",
  "version": 7
}
